// !$*UTF8*$!
{
	archiveVersion = 1;
	classes = {
	};
	objectVersion = 46;
	objects = {

/* Begin PBXBuildFile section */
		8B8313631B5BE534002A401F /* AppDelegate.swift in Sources */ = {isa = PBXBuildFile; fileRef = 8B8313621B5BE534002A401F /* AppDelegate.swift */; };
		8B8313681B5BE534002A401F /* Main.storyboard in Resources */ = {isa = PBXBuildFile; fileRef = 8B8313661B5BE534002A401F /* Main.storyboard */; };
		8B83136A1B5BE534002A401F /* Assets.xcassets in Resources */ = {isa = PBXBuildFile; fileRef = 8B8313691B5BE534002A401F /* Assets.xcassets */; };
		8B83136D1B5BE534002A401F /* LaunchScreen.storyboard in Resources */ = {isa = PBXBuildFile; fileRef = 8B83136B1B5BE534002A401F /* LaunchScreen.storyboard */; };
		8B8313781B5BE534002A401F /* FoodTrackerTests.swift in Sources */ = {isa = PBXBuildFile; fileRef = 8B8313771B5BE534002A401F /* FoodTrackerTests.swift */; };
		8BDEFD491B5D5A8200ED3059 /* RatingControl.swift in Sources */ = {isa = PBXBuildFile; fileRef = 8BDEFD481B5D5A8200ED3059 /* RatingControl.swift */; };
		8BEAB5AD1B5EA3CD00F27182 /* Meal.swift in Sources */ = {isa = PBXBuildFile; fileRef = 8BEAB5AC1B5EA3CD00F27182 /* Meal.swift */; };
		8BEAB5AE1B5EA3CD00F27182 /* Meal.swift in Sources */ = {isa = PBXBuildFile; fileRef = 8BEAB5AC1B5EA3CD00F27182 /* Meal.swift */; };
		8BEAB5B01B5EA85C00F27182 /* MealTableViewCell.swift in Sources */ = {isa = PBXBuildFile; fileRef = 8BEAB5AF1B5EA85C00F27182 /* MealTableViewCell.swift */; };
		8BEAB5B21B5EAB9C00F27182 /* MealTableViewController.swift in Sources */ = {isa = PBXBuildFile; fileRef = 8BEAB5B11B5EAB9C00F27182 /* MealTableViewController.swift */; };
		8BEAB5B41B5EB3D000F27182 /* MealViewController.swift in Sources */ = {isa = PBXBuildFile; fileRef = 8BEAB5B31B5EB3D000F27182 /* MealViewController.swift */; };
/* End PBXBuildFile section */

/* Begin PBXContainerItemProxy section */
		8B8313741B5BE534002A401F /* PBXContainerItemProxy */ = {
			isa = PBXContainerItemProxy;
			containerPortal = 8B8313571B5BE534002A401F /* Project object */;
			proxyType = 1;
			remoteGlobalIDString = 8B83135E1B5BE534002A401F;
			remoteInfo = FoodTracker;
		};
/* End PBXContainerItemProxy section */

/* Begin PBXFileReference section */
		8B83135F1B5BE534002A401F /* FoodTracker.app */ = {isa = PBXFileReference; explicitFileType = wrapper.application; includeInIndex = 0; path = FoodTracker.app; sourceTree = BUILT_PRODUCTS_DIR; };
		8B8313621B5BE534002A401F /* AppDelegate.swift */ = {isa = PBXFileReference; lastKnownFileType = sourcecode.swift; path = AppDelegate.swift; sourceTree = "<group>"; };
		8B8313671B5BE534002A401F /* Base */ = {isa = PBXFileReference; lastKnownFileType = file.storyboard; name = Base; path = Base.lproj/Main.storyboard; sourceTree = "<group>"; };
		8B8313691B5BE534002A401F /* Assets.xcassets */ = {isa = PBXFileReference; lastKnownFileType = folder.assetcatalog; path = Assets.xcassets; sourceTree = "<group>"; };
		8B83136C1B5BE534002A401F /* Base */ = {isa = PBXFileReference; lastKnownFileType = file.storyboard; name = Base; path = Base.lproj/LaunchScreen.storyboard; sourceTree = "<group>"; };
		8B83136E1B5BE534002A401F /* Info.plist */ = {isa = PBXFileReference; lastKnownFileType = text.plist.xml; path = Info.plist; sourceTree = "<group>"; };
		8B8313731B5BE534002A401F /* FoodTrackerTests.xctest */ = {isa = PBXFileReference; explicitFileType = wrapper.cfbundle; includeInIndex = 0; path = FoodTrackerTests.xctest; sourceTree = BUILT_PRODUCTS_DIR; };
		8B8313771B5BE534002A401F /* FoodTrackerTests.swift */ = {isa = PBXFileReference; lastKnownFileType = sourcecode.swift; path = FoodTrackerTests.swift; sourceTree = "<group>"; };
		8B8313791B5BE534002A401F /* Info.plist */ = {isa = PBXFileReference; lastKnownFileType = text.plist.xml; path = Info.plist; sourceTree = "<group>"; };
		8BDEFD481B5D5A8200ED3059 /* RatingControl.swift */ = {isa = PBXFileReference; fileEncoding = 4; lastKnownFileType = sourcecode.swift; path = RatingControl.swift; sourceTree = "<group>"; };
		8BEAB5AC1B5EA3CD00F27182 /* Meal.swift */ = {isa = PBXFileReference; fileEncoding = 4; lastKnownFileType = sourcecode.swift; path = Meal.swift; sourceTree = "<group>"; };
		8BEAB5AF1B5EA85C00F27182 /* MealTableViewCell.swift */ = {isa = PBXFileReference; fileEncoding = 4; lastKnownFileType = sourcecode.swift; path = MealTableViewCell.swift; sourceTree = "<group>"; };
		8BEAB5B11B5EAB9C00F27182 /* MealTableViewController.swift */ = {isa = PBXFileReference; fileEncoding = 4; lastKnownFileType = sourcecode.swift; path = MealTableViewController.swift; sourceTree = "<group>"; };
		8BEAB5B31B5EB3D000F27182 /* MealViewController.swift */ = {isa = PBXFileReference; fileEncoding = 4; lastKnownFileType = sourcecode.swift; path = MealViewController.swift; sourceTree = "<group>"; };
/* End PBXFileReference section */

/* Begin PBXFrameworksBuildPhase section */
		8B83135C1B5BE534002A401F /* Frameworks */ = {
			isa = PBXFrameworksBuildPhase;
			buildActionMask = 2147483647;
			files = (
			);
			runOnlyForDeploymentPostprocessing = 0;
		};
		8B8313701B5BE534002A401F /* Frameworks */ = {
			isa = PBXFrameworksBuildPhase;
			buildActionMask = 2147483647;
			files = (
			);
			runOnlyForDeploymentPostprocessing = 0;
		};
/* End PBXFrameworksBuildPhase section */

/* Begin PBXGroup section */
		8B8313561B5BE533002A401F = {
			isa = PBXGroup;
			children = (
				8B8313611B5BE534002A401F /* FoodTracker */,
				8B8313761B5BE534002A401F /* FoodTrackerTests */,
				8B8313601B5BE534002A401F /* Products */,
			);
			sourceTree = "<group>";
		};
		8B8313601B5BE534002A401F /* Products */ = {
			isa = PBXGroup;
			children = (
				8B83135F1B5BE534002A401F /* FoodTracker.app */,
				8B8313731B5BE534002A401F /* FoodTrackerTests.xctest */,
			);
			name = Products;
			sourceTree = "<group>";
		};
		8B8313611B5BE534002A401F /* FoodTracker */ = {
			isa = PBXGroup;
			children = (
				8B8313621B5BE534002A401F /* AppDelegate.swift */,
				8BEAB5AC1B5EA3CD00F27182 /* Meal.swift */,
				8BDEFD481B5D5A8200ED3059 /* RatingControl.swift */,
				8B8313661B5BE534002A401F /* Main.storyboard */,
				8BEAB5B31B5EB3D000F27182 /* MealViewController.swift */,
				8BEAB5B11B5EAB9C00F27182 /* MealTableViewController.swift */,
				8BEAB5AF1B5EA85C00F27182 /* MealTableViewCell.swift */,
				8B8313691B5BE534002A401F /* Assets.xcassets */,
				8B83136B1B5BE534002A401F /* LaunchScreen.storyboard */,
				8B83136E1B5BE534002A401F /* Info.plist */,
			);
			path = FoodTracker;
			sourceTree = "<group>";
		};
		8B8313761B5BE534002A401F /* FoodTrackerTests */ = {
			isa = PBXGroup;
			children = (
				8B8313771B5BE534002A401F /* FoodTrackerTests.swift */,
				8B8313791B5BE534002A401F /* Info.plist */,
			);
			path = FoodTrackerTests;
			sourceTree = "<group>";
		};
/* End PBXGroup section */

/* Begin PBXNativeTarget section */
		8B83135E1B5BE534002A401F /* FoodTracker */ = {
			isa = PBXNativeTarget;
			buildConfigurationList = 8B83137C1B5BE534002A401F /* Build configuration list for PBXNativeTarget "FoodTracker" */;
			buildPhases = (
				8B83135B1B5BE534002A401F /* Sources */,
				8B83135C1B5BE534002A401F /* Frameworks */,
				8B83135D1B5BE534002A401F /* Resources */,
			);
			buildRules = (
			);
			dependencies = (
			);
			name = FoodTracker;
			productName = FoodTracker;
			productReference = 8B83135F1B5BE534002A401F /* FoodTracker.app */;
			productType = "com.apple.product-type.application";
		};
		8B8313721B5BE534002A401F /* FoodTrackerTests */ = {
			isa = PBXNativeTarget;
			buildConfigurationList = 8B83137F1B5BE534002A401F /* Build configuration list for PBXNativeTarget "FoodTrackerTests" */;
			buildPhases = (
				8B83136F1B5BE534002A401F /* Sources */,
				8B8313701B5BE534002A401F /* Frameworks */,
				8B8313711B5BE534002A401F /* Resources */,
			);
			buildRules = (
			);
			dependencies = (
				8B8313751B5BE534002A401F /* PBXTargetDependency */,
			);
			name = FoodTrackerTests;
			productName = FoodTrackerTests;
			productReference = 8B8313731B5BE534002A401F /* FoodTrackerTests.xctest */;
			productType = "com.apple.product-type.bundle.unit-test";
		};
/* End PBXNativeTarget section */

/* Begin PBXProject section */
		8B8313571B5BE534002A401F /* Project object */ = {
			isa = PBXProject;
			attributes = {
				LastUpgradeCheck = 0700;
				ORGANIZATIONNAME = Developer;
				TargetAttributes = {
					8B83135E1B5BE534002A401F = {
						CreatedOnToolsVersion = 7.0;
					};
					8B8313721B5BE534002A401F = {
						CreatedOnToolsVersion = 7.0;
						TestTargetID = 8B83135E1B5BE534002A401F;
					};
				};
			};
			buildConfigurationList = 8B83135A1B5BE534002A401F /* Build configuration list for PBXProject "FoodTracker" */;
			compatibilityVersion = "Xcode 3.2";
			developmentRegion = English;
			hasScannedForEncodings = 0;
			knownRegions = (
				en,
				Base,
			);
			mainGroup = 8B8313561B5BE533002A401F;
			productRefGroup = 8B8313601B5BE534002A401F /* Products */;
			projectDirPath = "";
			projectRoot = "";
			targets = (
				8B83135E1B5BE534002A401F /* FoodTracker */,
				8B8313721B5BE534002A401F /* FoodTrackerTests */,
			);
		};
/* End PBXProject section */

/* Begin PBXResourcesBuildPhase section */
		8B83135D1B5BE534002A401F /* Resources */ = {
			isa = PBXResourcesBuildPhase;
			buildActionMask = 2147483647;
			files = (
				8B83136D1B5BE534002A401F /* LaunchScreen.storyboard in Resources */,
				8B83136A1B5BE534002A401F /* Assets.xcassets in Resources */,
				8B8313681B5BE534002A401F /* Main.storyboard in Resources */,
			);
			runOnlyForDeploymentPostprocessing = 0;
		};
		8B8313711B5BE534002A401F /* Resources */ = {
			isa = PBXResourcesBuildPhase;
			buildActionMask = 2147483647;
			files = (
			);
			runOnlyForDeploymentPostprocessing = 0;
		};
/* End PBXResourcesBuildPhase section */

/* Begin PBXSourcesBuildPhase section */
		8B83135B1B5BE534002A401F /* Sources */ = {
			isa = PBXSourcesBuildPhase;
			buildActionMask = 2147483647;
			files = (
				8BEAB5AD1B5EA3CD00F27182 /* Meal.swift in Sources */,
				8BDEFD491B5D5A8200ED3059 /* RatingControl.swift in Sources */,
				8B8313631B5BE534002A401F /* AppDelegate.swift in Sources */,
				8BEAB5B21B5EAB9C00F27182 /* MealTableViewController.swift in Sources */,
				8BEAB5B01B5EA85C00F27182 /* MealTableViewCell.swift in Sources */,
				8BEAB5B41B5EB3D000F27182 /* MealViewController.swift in Sources */,
			);
			runOnlyForDeploymentPostprocessing = 0;
		};
		8B83136F1B5BE534002A401F /* Sources */ = {
			isa = PBXSourcesBuildPhase;
			buildActionMask = 2147483647;
			files = (
				8BEAB5AE1B5EA3CD00F27182 /* Meal.swift in Sources */,
				8B8313781B5BE534002A401F /* FoodTrackerTests.swift in Sources */,
			);
			runOnlyForDeploymentPostprocessing = 0;
		};
/* End PBXSourcesBuildPhase section */

/* Begin PBXTargetDependency section */
		8B8313751B5BE534002A401F /* PBXTargetDependency */ = {
			isa = PBXTargetDependency;
			target = 8B83135E1B5BE534002A401F /* FoodTracker */;
			targetProxy = 8B8313741B5BE534002A401F /* PBXContainerItemProxy */;
		};
/* End PBXTargetDependency section */

/* Begin PBXVariantGroup section */
		8B8313661B5BE534002A401F /* Main.storyboard */ = {
			isa = PBXVariantGroup;
			children = (
				8B8313671B5BE534002A401F /* Base */,
			);
			name = Main.storyboard;
			sourceTree = "<group>";
		};
		8B83136B1B5BE534002A401F /* LaunchScreen.storyboard */ = {
			isa = PBXVariantGroup;
			children = (
				8B83136C1B5BE534002A401F /* Base */,
			);
			name = LaunchScreen.storyboard;
			sourceTree = "<group>";
		};
/* End PBXVariantGroup section */

/* Begin XCBuildConfiguration section */
		8B83137A1B5BE534002A401F /* Debug */ = {
			isa = XCBuildConfiguration;
			buildSettings = {
				ALWAYS_SEARCH_USER_PATHS = NO;
				CLANG_CXX_LANGUAGE_STANDARD = "gnu++0x";
				CLANG_CXX_LIBRARY = "libc++";
				CLANG_ENABLE_MODULES = YES;
				CLANG_ENABLE_OBJC_ARC = YES;
				CLANG_WARN_BOOL_CONVERSION = YES;
				CLANG_WARN_CONSTANT_CONVERSION = YES;
				CLANG_WARN_DIRECT_OBJC_ISA_USAGE = YES_ERROR;
				CLANG_WARN_EMPTY_BODY = YES;
				CLANG_WARN_ENUM_CONVERSION = YES;
				CLANG_WARN_INT_CONVERSION = YES;
				CLANG_WARN_OBJC_ROOT_CLASS = YES_ERROR;
				CLANG_WARN_UNREACHABLE_CODE = YES;
				CLANG_WARN__DUPLICATE_METHOD_MATCH = YES;
				"CODE_SIGN_IDENTITY[sdk=iphoneos*]" = "iPhone Developer";
				COPY_PHASE_STRIP = NO;
				DEBUG_INFORMATION_FORMAT = dwarf;
				ENABLE_STRICT_OBJC_MSGSEND = YES;
				ENABLE_TESTABILITY = YES;
				GCC_C_LANGUAGE_STANDARD = gnu99;
				GCC_DYNAMIC_NO_PIC = NO;
				GCC_NO_COMMON_BLOCKS = YES;
				GCC_OPTIMIZATION_LEVEL = 0;
				GCC_PREPROCESSOR_DEFINITIONS = (
					"DEBUG=1",
					"$(inherited)",
				);
				GCC_WARN_64_TO_32_BIT_CONVERSION = YES;
				GCC_WARN_ABOUT_RETURN_TYPE = YES_ERROR;
				GCC_WARN_UNDECLARED_SELECTOR = YES;
				GCC_WARN_UNINITIALIZED_AUTOS = YES_AGGRESSIVE;
				GCC_WARN_UNUSED_FUNCTION = YES;
				GCC_WARN_UNUSED_VARIABLE = YES;
				IPHONEOS_DEPLOYMENT_TARGET = 9.0;
				MTL_ENABLE_DEBUG_INFO = YES;
				ONLY_ACTIVE_ARCH = YES;
				SDKROOT = iphoneos;
				SWIFT_OPTIMIZATION_LEVEL = "-Onone";
				TARGETED_DEVICE_FAMILY = "1,2";
			};
			name = Debug;
		};
		8B83137B1B5BE534002A401F /* Release */ = {
			isa = XCBuildConfiguration;
			buildSettings = {
				ALWAYS_SEARCH_USER_PATHS = NO;
				CLANG_CXX_LANGUAGE_STANDARD = "gnu++0x";
				CLANG_CXX_LIBRARY = "libc++";
				CLANG_ENABLE_MODULES = YES;
				CLANG_ENABLE_OBJC_ARC = YES;
				CLANG_WARN_BOOL_CONVERSION = YES;
				CLANG_WARN_CONSTANT_CONVERSION = YES;
				CLANG_WARN_DIRECT_OBJC_ISA_USAGE = YES_ERROR;
				CLANG_WARN_EMPTY_BODY = YES;
				CLANG_WARN_ENUM_CONVERSION = YES;
				CLANG_WARN_INT_CONVERSION = YES;
				CLANG_WARN_OBJC_ROOT_CLASS = YES_ERROR;
				CLANG_WARN_UNREACHABLE_CODE = YES;
				CLANG_WARN__DUPLICATE_METHOD_MATCH = YES;
				"CODE_SIGN_IDENTITY[sdk=iphoneos*]" = "iPhone Developer";
				COPY_PHASE_STRIP = NO;
				DEBUG_INFORMATION_FORMAT = "dwarf-with-dsym";
				ENABLE_NS_ASSERTIONS = NO;
				ENABLE_STRICT_OBJC_MSGSEND = YES;
				GCC_C_LANGUAGE_STANDARD = gnu99;
				GCC_NO_COMMON_BLOCKS = YES;
				GCC_WARN_64_TO_32_BIT_CONVERSION = YES;
				GCC_WARN_ABOUT_RETURN_TYPE = YES_ERROR;
				GCC_WARN_UNDECLARED_SELECTOR = YES;
				GCC_WARN_UNINITIALIZED_AUTOS = YES_AGGRESSIVE;
				GCC_WARN_UNUSED_FUNCTION = YES;
				GCC_WARN_UNUSED_VARIABLE = YES;
				IPHONEOS_DEPLOYMENT_TARGET = 9.0;
				MTL_ENABLE_DEBUG_INFO = NO;
				SDKROOT = iphoneos;
				TARGETED_DEVICE_FAMILY = "1,2";
				VALIDATE_PRODUCT = YES;
			};
			name = Release;
		};
		8B83137D1B5BE534002A401F /* Debug */ = {
			isa = XCBuildConfiguration;
			buildSettings = {
				ASSETCATALOG_COMPILER_APPICON_NAME = AppIcon;
				INFOPLIST_FILE = FoodTracker/Info.plist;
				LD_RUNPATH_SEARCH_PATHS = "$(inherited) @executable_path/Frameworks";
				PRODUCT_BUNDLE_IDENTIFIER = com.example.FoodTracker;
				PRODUCT_NAME = "$(TARGET_NAME)";
			};
			name = Debug;
		};
		8B83137E1B5BE534002A401F /* Release */ = {
			isa = XCBuildConfiguration;
			buildSettings = {
				ASSETCATALOG_COMPILER_APPICON_NAME = AppIcon;
				INFOPLIST_FILE = FoodTracker/Info.plist;
				LD_RUNPATH_SEARCH_PATHS = "$(inherited) @executable_path/Frameworks";
				PRODUCT_BUNDLE_IDENTIFIER = com.example.FoodTracker;
				PRODUCT_NAME = "$(TARGET_NAME)";
			};
			name = Release;
		};
		8B8313801B5BE534002A401F /* Debug */ = {
			isa = XCBuildConfiguration;
			buildSettings = {
				BUNDLE_LOADER = "$(TEST_HOST)";
				INFOPLIST_FILE = FoodTrackerTests/Info.plist;
				LD_RUNPATH_SEARCH_PATHS = "$(inherited) @executable_path/Frameworks @loader_path/Frameworks";
				PRODUCT_BUNDLE_IDENTIFIER = com.example.FoodTrackerTests;
				PRODUCT_NAME = "$(TARGET_NAME)";
				TEST_HOST = "$(BUILT_PRODUCTS_DIR)/FoodTracker.app/FoodTracker";
			};
			name = Debug;
		};
		8B8313811B5BE534002A401F /* Release */ = {
			isa = XCBuildConfiguration;
			buildSettings = {
				BUNDLE_LOADER = "$(TEST_HOST)";
				INFOPLIST_FILE = FoodTrackerTests/Info.plist;
				LD_RUNPATH_SEARCH_PATHS = "$(inherited) @executable_path/Frameworks @loader_path/Frameworks";
				PRODUCT_BUNDLE_IDENTIFIER = com.example.FoodTrackerTests;
				PRODUCT_NAME = "$(TARGET_NAME)";
				TEST_HOST = "$(BUILT_PRODUCTS_DIR)/FoodTracker.app/FoodTracker";
			};
			name = Release;
		};
/* End XCBuildConfiguration section */

/* Begin XCConfigurationList section */
		8B83135A1B5BE534002A401F /* Build configuration list for PBXProject "FoodTracker" */ = {
			isa = XCConfigurationList;
			buildConfigurations = (
				8B83137A1B5BE534002A401F /* Debug */,
				8B83137B1B5BE534002A401F /* Release */,
			);
			defaultConfigurationIsVisible = 0;
			defaultConfigurationName = Release;
		};
		8B83137C1B5BE534002A401F /* Build configuration list for PBXNativeTarget "FoodTracker" */ = {
			isa = XCConfigurationList;
			buildConfigurations = (
				8B83137D1B5BE534002A401F /* Debug */,
				8B83137E1B5BE534002A401F /* Release */,
			);
			defaultConfigurationIsVisible = 0;
			defaultConfigurationName = Release;
		};
		8B83137F1B5BE534002A401F /* Build configuration list for PBXNativeTarget "FoodTrackerTests" */ = {
			isa = XCConfigurationList;
			buildConfigurations = (
				8B8313801B5BE534002A401F /* Debug */,
				8B8313811B5BE534002A401F /* Release */,
			);
			defaultConfigurationIsVisible = 0;
			defaultConfigurationName = Release;
		};
/* End XCConfigurationList section */
	};
	rootObject = 8B8313571B5BE534002A401F /* Project object */;
}
